
Microsoft Visual Studio Solution File, Format Version 11.00
# Visual Studio 2010
Project("{FAE04EC0-301F-11D3-BF4B-00C04F79EFBC}") = "SandCat_Unity", "Assembly-CSharp.csproj", "{E7A1BB08-1CBE-9982-DF85-6648F8BA5662}"
EndProject
Project("{FAE04EC0-301F-11D3-BF4B-00C04F79EFBC}") = "SandCat_Unity", "Assembly-CSharp-Editor.csproj", "{681337A9-C420-F27B-E9F1-0EECFC7AD19F}"
EndProject
Global
	GlobalSection(SolutionConfigurationPlatforms) = preSolution
		Debug|Any CPU = Debug|Any CPU
		Release|Any CPU = Release|Any CPU
	EndGlobalSection
	GlobalSection(ProjectConfigurationPlatforms) = postSolution
		{E7A1BB08-1CBE-9982-DF85-6648F8BA5662}.Debug|Any CPU.ActiveCfg = Debug|Any CPU
		{E7A1BB08-1CBE-9982-DF85-6648F8BA5662}.Debug|Any CPU.Build.0 = Debug|Any CPU
		{E7A1BB08-1CBE-9982-DF85-6648F8BA5662}.Release|Any CPU.ActiveCfg = Release|Any CPU
		{E7A1BB08-1CBE-9982-DF85-6648F8BA5662}.Release|Any CPU.Build.0 = Release|Any CPU
		{681337A9-C420-F27B-E9F1-0EECFC7AD19F}.Debug|Any CPU.ActiveCfg = Debug|Any CPU
		{681337A9-C420-F27B-E9F1-0EECFC7AD19F}.Debug|Any CPU.Build.0 = Debug|Any CPU
		{681337A9-C420-F27B-E9F1-0EECFC7AD19F}.Release|Any CPU.ActiveCfg = Release|Any CPU
		{681337A9-C420-F27B-E9F1-0EECFC7AD19F}.Release|Any CPU.Build.0 = Release|Any CPU
	EndGlobalSection
	GlobalSection(SolutionProperties) = preSolution
		HideSolutionNode = FALSE
	EndGlobalSection
	GlobalSection(MonoDevelopProperties) = preSolution
		StartupItem = Assembly-CSharp.csproj
	EndGlobalSection
EndGlobal
